// !$*UTF8*$!
{
	archiveVersion = 1;
	classes = {
	};
	objectVersion = 50;
	objects = {

/* Begin PBXBuildFile section */
		0A2D4DAB2169B637003BC722 /* AppDelegate.swift in Sources */ = {isa = PBXBuildFile; fileRef = 0A2D4DAA2169B637003BC722 /* AppDelegate.swift */; };
		0A2D4DAD2169B637003BC722 /* art.scnassets in Resources */ = {isa = PBXBuildFile; fileRef = 0A2D4DAC2169B637003BC722 /* art.scnassets */; };
		0A2D4DAF2169B637003BC722 /* ViewController.swift in Sources */ = {isa = PBXBuildFile; fileRef = 0A2D4DAE2169B637003BC722 /* ViewController.swift */; };
		0A2D4DB22169B637003BC722 /* Main.storyboard in Resources */ = {isa = PBXBuildFile; fileRef = 0A2D4DB02169B637003BC722 /* Main.storyboard */; };
		0A2D4DB42169B638003BC722 /* Assets.xcassets in Resources */ = {isa = PBXBuildFile; fileRef = 0A2D4DB32169B638003BC722 /* Assets.xcassets */; };
		0A2D4DB72169B638003BC722 /* LaunchScreen.storyboard in Resources */ = {isa = PBXBuildFile; fileRef = 0A2D4DB52169B638003BC722 /* LaunchScreen.storyboard */; };
		0A2D4DBF2169B663003BC722 /* FruitsClassifier.mlmodel in Sources */ = {isa = PBXBuildFile; fileRef = 0A2D4DBE2169B663003BC722 /* FruitsClassifier.mlmodel */; };
		0A2D4DC12169B780003BC722 /* ProductViewController.swift in Sources */ = {isa = PBXBuildFile; fileRef = 0A2D4DC02169B780003BC722 /* ProductViewController.swift */; };
		0A2D4DC32169B952003BC722 /* VisionViewController.swift in Sources */ = {isa = PBXBuildFile; fileRef = 0A2D4DC22169B952003BC722 /* VisionViewController.swift */; };
		0A2D4DC52169C5E5003BC722 /* icons in Resources */ = {isa = PBXBuildFile; fileRef = 0A2D4DC42169C5E5003BC722 /* icons */; };
		0A2D4DCD2169DCBD003BC722 /* Banana.jpg in Resources */ = {isa = PBXBuildFile; fileRef = 0A2D4DC72169DCBC003BC722 /* Banana.jpg */; };
		0A2D4DCE2169DCBD003BC722 /* Apple.jpg in Resources */ = {isa = PBXBuildFile; fileRef = 0A2D4DC82169DCBC003BC722 /* Apple.jpg */; };
		0A2D4DCF2169DCBD003BC722 /* Orange.jpg in Resources */ = {isa = PBXBuildFile; fileRef = 0A2D4DC92169DCBC003BC722 /* Orange.jpg */; };
		0A2D4DD02169DCBD003BC722 /* Tomato.jpg in Resources */ = {isa = PBXBuildFile; fileRef = 0A2D4DCA2169DCBC003BC722 /* Tomato.jpg */; };
		0A2D4DD22169DCBD003BC722 /* Avocado.jpg in Resources */ = {isa = PBXBuildFile; fileRef = 0A2D4DCC2169DCBD003BC722 /* Avocado.jpg */; };
		0A2D4DD42169DD02003BC722 /* ProductCatalog.plist in Resources */ = {isa = PBXBuildFile; fileRef = 0A2D4DD32169DD02003BC722 /* ProductCatalog.plist */; };
		0A2D4DD62169E7C8003BC722 /* loading.gif in Resources */ = {isa = PBXBuildFile; fileRef = 0A2D4DD52169E7C8003BC722 /* loading.gif */; };
		0A2D4DD82169EC65003BC722 /* FruitClassifierNew.mlmodel in Sources */ = {isa = PBXBuildFile; fileRef = 0A2D4DD72169EC65003BC722 /* FruitClassifierNew.mlmodel */; };
		0A2D4DDA2169FD23003BC722 /* ImageClassifier.mlmodel in Sources */ = {isa = PBXBuildFile; fileRef = 0A2D4DD92169FD23003BC722 /* ImageClassifier.mlmodel */; };
		0A2D4DDC216A0E89003BC722 /* ImageClassifier4.mlmodel in Sources */ = {isa = PBXBuildFile; fileRef = 0A2D4DDB216A0E89003BC722 /* ImageClassifier4.mlmodel */; };
		0A2D4DDE216A1480003BC722 /* ImageClassifier6.mlmodel in Sources */ = {isa = PBXBuildFile; fileRef = 0A2D4DDD216A1480003BC722 /* ImageClassifier6.mlmodel */; };
		0A2D4DE0216A1702003BC722 /* Strawberry.jpg in Resources */ = {isa = PBXBuildFile; fileRef = 0A2D4DDF216A1702003BC722 /* Strawberry.jpg */; };
		0A2D4DE2216A1C9C003BC722 /* ImageClassifier7.mlmodel in Sources */ = {isa = PBXBuildFile; fileRef = 0A2D4DE1216A1C9C003BC722 /* ImageClassifier7.mlmodel */; };
/* End PBXBuildFile section */

/* Begin PBXFileReference section */
		0A2D4DA72169B637003BC722 /* MLAR.app */ = {isa = PBXFileReference; explicitFileType = wrapper.application; includeInIndex = 0; path = MLAR.app; sourceTree = BUILT_PRODUCTS_DIR; };
		0A2D4DAA2169B637003BC722 /* AppDelegate.swift */ = {isa = PBXFileReference; lastKnownFileType = sourcecode.swift; path = AppDelegate.swift; sourceTree = "<group>"; };
		0A2D4DAC2169B637003BC722 /* art.scnassets */ = {isa = PBXFileReference; lastKnownFileType = wrapper.scnassets; path = art.scnassets; sourceTree = "<group>"; };
		0A2D4DAE2169B637003BC722 /* ViewController.swift */ = {isa = PBXFileReference; lastKnownFileType = sourcecode.swift; path = ViewController.swift; sourceTree = "<group>"; };
		0A2D4DB12169B637003BC722 /* Base */ = {isa = PBXFileReference; lastKnownFileType = file.storyboard; name = Base; path = Base.lproj/Main.storyboard; sourceTree = "<group>"; };
		0A2D4DB32169B638003BC722 /* Assets.xcassets */ = {isa = PBXFileReference; lastKnownFileType = folder.assetcatalog; path = Assets.xcassets; sourceTree = "<group>"; };
		0A2D4DB62169B638003BC722 /* Base */ = {isa = PBXFileReference; lastKnownFileType = file.storyboard; name = Base; path = Base.lproj/LaunchScreen.storyboard; sourceTree = "<group>"; };
		0A2D4DB82169B638003BC722 /* Info.plist */ = {isa = PBXFileReference; lastKnownFileType = text.plist.xml; path = Info.plist; sourceTree = "<group>"; };
		0A2D4DBE2169B663003BC722 /* FruitsClassifier.mlmodel */ = {isa = PBXFileReference; lastKnownFileType = file.mlmodel; path = FruitsClassifier.mlmodel; sourceTree = "<group>"; };
		0A2D4DC02169B780003BC722 /* ProductViewController.swift */ = {isa = PBXFileReference; lastKnownFileType = sourcecode.swift; path = ProductViewController.swift; sourceTree = "<group>"; };
		0A2D4DC22169B952003BC722 /* VisionViewController.swift */ = {isa = PBXFileReference; lastKnownFileType = sourcecode.swift; path = VisionViewController.swift; sourceTree = "<group>"; };
		0A2D4DC42169C5E5003BC722 /* icons */ = {isa = PBXFileReference; lastKnownFileType = folder; path = icons; sourceTree = "<group>"; };
		0A2D4DC72169DCBC003BC722 /* Banana.jpg */ = {isa = PBXFileReference; lastKnownFileType = image.jpeg; path = Banana.jpg; sourceTree = "<group>"; };
		0A2D4DC82169DCBC003BC722 /* Apple.jpg */ = {isa = PBXFileReference; lastKnownFileType = image.jpeg; path = Apple.jpg; sourceTree = "<group>"; };
		0A2D4DC92169DCBC003BC722 /* Orange.jpg */ = {isa = PBXFileReference; lastKnownFileType = image.jpeg; path = Orange.jpg; sourceTree = "<group>"; };
		0A2D4DCA2169DCBC003BC722 /* Tomato.jpg */ = {isa = PBXFileReference; lastKnownFileType = image.jpeg; path = Tomato.jpg; sourceTree = "<group>"; };
		0A2D4DCC2169DCBD003BC722 /* Avocado.jpg */ = {isa = PBXFileReference; lastKnownFileType = image.jpeg; path = Avocado.jpg; sourceTree = "<group>"; };
		0A2D4DD32169DD02003BC722 /* ProductCatalog.plist */ = {isa = PBXFileReference; lastKnownFileType = text.plist.xml; path = ProductCatalog.plist; sourceTree = "<group>"; };
		0A2D4DD52169E7C8003BC722 /* loading.gif */ = {isa = PBXFileReference; lastKnownFileType = image.gif; path = loading.gif; sourceTree = "<group>"; };
		0A2D4DD72169EC65003BC722 /* FruitClassifierNew.mlmodel */ = {isa = PBXFileReference; lastKnownFileType = file.mlmodel; path = FruitClassifierNew.mlmodel; sourceTree = "<group>"; };
		0A2D4DD92169FD23003BC722 /* ImageClassifier.mlmodel */ = {isa = PBXFileReference; lastKnownFileType = file.mlmodel; path = ImageClassifier.mlmodel; sourceTree = "<group>"; };
		0A2D4DDB216A0E89003BC722 /* ImageClassifier4.mlmodel */ = {isa = PBXFileReference; lastKnownFileType = file.mlmodel; path = ImageClassifier4.mlmodel; sourceTree = "<group>"; };
		0A2D4DDD216A1480003BC722 /* ImageClassifier6.mlmodel */ = {isa = PBXFileReference; lastKnownFileType = file.mlmodel; path = ImageClassifier6.mlmodel; sourceTree = "<group>"; };
		0A2D4DDF216A1702003BC722 /* Strawberry.jpg */ = {isa = PBXFileReference; lastKnownFileType = image.jpeg; path = Strawberry.jpg; sourceTree = "<group>"; };
		0A2D4DE1216A1C9C003BC722 /* ImageClassifier7.mlmodel */ = {isa = PBXFileReference; lastKnownFileType = file.mlmodel; path = ImageClassifier7.mlmodel; sourceTree = "<group>"; };
/* End PBXFileReference section */

/* Begin PBXFrameworksBuildPhase section */
		0A2D4DA42169B637003BC722 /* Frameworks */ = {
			isa = PBXFrameworksBuildPhase;
			buildActionMask = 2147483647;
			files = (
			);
			runOnlyForDeploymentPostprocessing = 0;
		};
/* End PBXFrameworksBuildPhase section */

/* Begin PBXGroup section */
		0A2D4D9E2169B636003BC722 = {
			isa = PBXGroup;
			children = (
				0A2D4DA92169B637003BC722 /* MLAR */,
				0A2D4DA82169B637003BC722 /* Products */,
				0A2D4DC42169C5E5003BC722 /* icons */,
			);
			sourceTree = "<group>";
		};
		0A2D4DA82169B637003BC722 /* Products */ = {
			isa = PBXGroup;
			children = (
				0A2D4DA72169B637003BC722 /* MLAR.app */,
			);
			name = Products;
			sourceTree = "<group>";
		};
		0A2D4DA92169B637003BC722 /* MLAR */ = {
			isa = PBXGroup;
			children = (
				0A2D4DAA2169B637003BC722 /* AppDelegate.swift */,
				0A2D4DE1216A1C9C003BC722 /* ImageClassifier7.mlmodel */,
				0A2D4DDD216A1480003BC722 /* ImageClassifier6.mlmodel */,
				0A2D4DD92169FD23003BC722 /* ImageClassifier.mlmodel */,
				0A2D4DD72169EC65003BC722 /* FruitClassifierNew.mlmodel */,
				0A2D4DBE2169B663003BC722 /* FruitsClassifier.mlmodel */,
				0A2D4DDB216A0E89003BC722 /* ImageClassifier4.mlmodel */,
				0A2D4DAC2169B637003BC722 /* art.scnassets */,
				0A2D4DAE2169B637003BC722 /* ViewController.swift */,
				0A2D4DC22169B952003BC722 /* VisionViewController.swift */,
				0A2D4DB02169B637003BC722 /* Main.storyboard */,
				0A2D4DB32169B638003BC722 /* Assets.xcassets */,
				0A2D4DB52169B638003BC722 /* LaunchScreen.storyboard */,
				0A2D4DB82169B638003BC722 /* Info.plist */,
				0A2D4DC02169B780003BC722 /* ProductViewController.swift */,
				0A2D4DC62169DBCD003BC722 /* Product Resources */,
			);
			path = MLAR;
			sourceTree = "<group>";
		};
		0A2D4DC62169DBCD003BC722 /* Product Resources */ = {
			isa = PBXGroup;
			children = (
				0A2D4DD52169E7C8003BC722 /* loading.gif */,
				0A2D4DC82169DCBC003BC722 /* Apple.jpg */,
				0A2D4DDF216A1702003BC722 /* Strawberry.jpg */,
				0A2D4DCC2169DCBD003BC722 /* Avocado.jpg */,
				0A2D4DC72169DCBC003BC722 /* Banana.jpg */,
				0A2D4DC92169DCBC003BC722 /* Orange.jpg */,
				0A2D4DCA2169DCBC003BC722 /* Tomato.jpg */,
				0A2D4DD32169DD02003BC722 /* ProductCatalog.plist */,
			);
			path = "Product Resources";
			sourceTree = "<group>";
		};
/* End PBXGroup section */

/* Begin PBXNativeTarget section */
		0A2D4DA62169B637003BC722 /* MLAR */ = {
			isa = PBXNativeTarget;
			buildConfigurationList = 0A2D4DBB2169B638003BC722 /* Build configuration list for PBXNativeTarget "MLAR" */;
			buildPhases = (
				0A2D4DA32169B637003BC722 /* Sources */,
				0A2D4DA42169B637003BC722 /* Frameworks */,
				0A2D4DA52169B637003BC722 /* Resources */,
			);
			buildRules = (
			);
			dependencies = (
			);
			name = MLAR;
			productName = MLAR;
			productReference = 0A2D4DA72169B637003BC722 /* MLAR.app */;
			productType = "com.apple.product-type.application";
		};
/* End PBXNativeTarget section */

/* Begin PBXProject section */
		0A2D4D9F2169B636003BC722 /* Project object */ = {
			isa = PBXProject;
			attributes = {
				LastSwiftUpdateCheck = 1000;
				LastUpgradeCheck = 1000;
				ORGANIZATIONNAME = K;
				TargetAttributes = {
					0A2D4DA62169B637003BC722 = {
						CreatedOnToolsVersion = 10.0;
					};
				};
			};
			buildConfigurationList = 0A2D4DA22169B636003BC722 /* Build configuration list for PBXProject "MLAR" */;
			compatibilityVersion = "Xcode 9.3";
			developmentRegion = en;
			hasScannedForEncodings = 0;
			knownRegions = (
				en,
				Base,
			);
			mainGroup = 0A2D4D9E2169B636003BC722;
			productRefGroup = 0A2D4DA82169B637003BC722 /* Products */;
			projectDirPath = "";
			projectRoot = "";
			targets = (
				0A2D4DA62169B637003BC722 /* MLAR */,
			);
		};
/* End PBXProject section */

/* Begin PBXResourcesBuildPhase section */
		0A2D4DA52169B637003BC722 /* Resources */ = {
			isa = PBXResourcesBuildPhase;
			buildActionMask = 2147483647;
			files = (
				0A2D4DAD2169B637003BC722 /* art.scnassets in Resources */,
				0A2D4DCE2169DCBD003BC722 /* Apple.jpg in Resources */,
				0A2D4DD42169DD02003BC722 /* ProductCatalog.plist in Resources */,
				0A2D4DD22169DCBD003BC722 /* Avocado.jpg in Resources */,
				0A2D4DB72169B638003BC722 /* LaunchScreen.storyboard in Resources */,
				0A2D4DE0216A1702003BC722 /* Strawberry.jpg in Resources */,
				0A2D4DB42169B638003BC722 /* Assets.xcassets in Resources */,
				0A2D4DC52169C5E5003BC722 /* icons in Resources */,
				0A2D4DCF2169DCBD003BC722 /* Orange.jpg in Resources */,
				0A2D4DD62169E7C8003BC722 /* loading.gif in Resources */,
				0A2D4DCD2169DCBD003BC722 /* Banana.jpg in Resources */,
				0A2D4DD02169DCBD003BC722 /* Tomato.jpg in Resources */,
				0A2D4DB22169B637003BC722 /* Main.storyboard in Resources */,
			);
			runOnlyForDeploymentPostprocessing = 0;
		};
/* End PBXResourcesBuildPhase section */

/* Begin PBXSourcesBuildPhase section */
		0A2D4DA32169B637003BC722 /* Sources */ = {
			isa = PBXSourcesBuildPhase;
			buildActionMask = 2147483647;
			files = (
				0A2D4DBF2169B663003BC722 /* FruitsClassifier.mlmodel in Sources */,
				0A2D4DDA2169FD23003BC722 /* ImageClassifier.mlmodel in Sources */,
				0A2D4DAF2169B637003BC722 /* ViewController.swift in Sources */,
				0A2D4DC12169B780003BC722 /* ProductViewController.swift in Sources */,
				0A2D4DDC216A0E89003BC722 /* ImageClassifier4.mlmodel in Sources */,
				0A2D4DDE216A1480003BC722 /* ImageClassifier6.mlmodel in Sources */,
				0A2D4DD82169EC65003BC722 /* FruitClassifierNew.mlmodel in Sources */,
				0A2D4DE2216A1C9C003BC722 /* ImageClassifier7.mlmodel in Sources */,
				0A2D4DC32169B952003BC722 /* VisionViewController.swift in Sources */,
				0A2D4DAB2169B637003BC722 /* AppDelegate.swift in Sources */,
			);
			runOnlyForDeploymentPostprocessing = 0;
		};
/* End PBXSourcesBuildPhase section */

/* Begin PBXVariantGroup section */
		0A2D4DB02169B637003BC722 /* Main.storyboard */ = {
			isa = PBXVariantGroup;
			children = (
				0A2D4DB12169B637003BC722 /* Base */,
			);
			name = Main.storyboard;
			sourceTree = "<group>";
		};
		0A2D4DB52169B638003BC722 /* LaunchScreen.storyboard */ = {
			isa = PBXVariantGroup;
			children = (
				0A2D4DB62169B638003BC722 /* Base */,
			);
			name = LaunchScreen.storyboard;
			sourceTree = "<group>";
		};
/* End PBXVariantGroup section */

/* Begin XCBuildConfiguration section */
		0A2D4DB92169B638003BC722 /* Debug */ = {
			isa = XCBuildConfiguration;
			buildSettings = {
				ALWAYS_SEARCH_USER_PATHS = NO;
				CLANG_ANALYZER_NONNULL = YES;
				CLANG_ANALYZER_NUMBER_OBJECT_CONVERSION = YES_AGGRESSIVE;
				CLANG_CXX_LANGUAGE_STANDARD = "gnu++14";
				CLANG_CXX_LIBRARY = "libc++";
				CLANG_ENABLE_MODULES = YES;
				CLANG_ENABLE_OBJC_ARC = YES;
				CLANG_ENABLE_OBJC_WEAK = YES;
				CLANG_WARN_BLOCK_CAPTURE_AUTORELEASING = YES;
				CLANG_WARN_BOOL_CONVERSION = YES;
				CLANG_WARN_COMMA = YES;
				CLANG_WARN_CONSTANT_CONVERSION = YES;
				CLANG_WARN_DEPRECATED_OBJC_IMPLEMENTATIONS = YES;
				CLANG_WARN_DIRECT_OBJC_ISA_USAGE = YES_ERROR;
				CLANG_WARN_DOCUMENTATION_COMMENTS = YES;
				CLANG_WARN_EMPTY_BODY = YES;
				CLANG_WARN_ENUM_CONVERSION = YES;
				CLANG_WARN_INFINITE_RECURSION = YES;
				CLANG_WARN_INT_CONVERSION = YES;
				CLANG_WARN_NON_LITERAL_NULL_CONVERSION = YES;
				CLANG_WARN_OBJC_IMPLICIT_RETAIN_SELF = YES;
				CLANG_WARN_OBJC_LITERAL_CONVERSION = YES;
				CLANG_WARN_OBJC_ROOT_CLASS = YES_ERROR;
				CLANG_WARN_RANGE_LOOP_ANALYSIS = YES;
				CLANG_WARN_STRICT_PROTOTYPES = YES;
				CLANG_WARN_SUSPICIOUS_MOVE = YES;
				CLANG_WARN_UNGUARDED_AVAILABILITY = YES_AGGRESSIVE;
				CLANG_WARN_UNREACHABLE_CODE = YES;
				CLANG_WARN__DUPLICATE_METHOD_MATCH = YES;
				CODE_SIGN_IDENTITY = "iPhone Developer";
				COPY_PHASE_STRIP = NO;
				DEBUG_INFORMATION_FORMAT = dwarf;
				ENABLE_STRICT_OBJC_MSGSEND = YES;
				ENABLE_TESTABILITY = YES;
				GCC_C_LANGUAGE_STANDARD = gnu11;
				GCC_DYNAMIC_NO_PIC = NO;
				GCC_NO_COMMON_BLOCKS = YES;
				GCC_OPTIMIZATION_LEVEL = 0;
				GCC_PREPROCESSOR_DEFINITIONS = (
					"DEBUG=1",
					"$(inherited)",
				);
				GCC_WARN_64_TO_32_BIT_CONVERSION = YES;
				GCC_WARN_ABOUT_RETURN_TYPE = YES_ERROR;
				GCC_WARN_UNDECLARED_SELECTOR = YES;
				GCC_WARN_UNINITIALIZED_AUTOS = YES_AGGRESSIVE;
				GCC_WARN_UNUSED_FUNCTION = YES;
				GCC_WARN_UNUSED_VARIABLE = YES;
				IPHONEOS_DEPLOYMENT_TARGET = 12.0;
				MTL_ENABLE_DEBUG_INFO = INCLUDE_SOURCE;
				MTL_FAST_MATH = YES;
				ONLY_ACTIVE_ARCH = YES;
				SDKROOT = iphoneos;
				SWIFT_ACTIVE_COMPILATION_CONDITIONS = DEBUG;
				SWIFT_OPTIMIZATION_LEVEL = "-Onone";
			};
			name = Debug;
		};
		0A2D4DBA2169B638003BC722 /* Release */ = {
			isa = XCBuildConfiguration;
			buildSettings = {
				ALWAYS_SEARCH_USER_PATHS = NO;
				CLANG_ANALYZER_NONNULL = YES;
				CLANG_ANALYZER_NUMBER_OBJECT_CONVERSION = YES_AGGRESSIVE;
				CLANG_CXX_LANGUAGE_STANDARD = "gnu++14";
				CLANG_CXX_LIBRARY = "libc++";
				CLANG_ENABLE_MODULES = YES;
				CLANG_ENABLE_OBJC_ARC = YES;
				CLANG_ENABLE_OBJC_WEAK = YES;
				CLANG_WARN_BLOCK_CAPTURE_AUTORELEASING = YES;
				CLANG_WARN_BOOL_CONVERSION = YES;
				CLANG_WARN_COMMA = YES;
				CLANG_WARN_CONSTANT_CONVERSION = YES;
				CLANG_WARN_DEPRECATED_OBJC_IMPLEMENTATIONS = YES;
				CLANG_WARN_DIRECT_OBJC_ISA_USAGE = YES_ERROR;
				CLANG_WARN_DOCUMENTATION_COMMENTS = YES;
				CLANG_WARN_EMPTY_BODY = YES;
				CLANG_WARN_ENUM_CONVERSION = YES;
				CLANG_WARN_INFINITE_RECURSION = YES;
				CLANG_WARN_INT_CONVERSION = YES;
				CLANG_WARN_NON_LITERAL_NULL_CONVERSION = YES;
				CLANG_WARN_OBJC_IMPLICIT_RETAIN_SELF = YES;
				CLANG_WARN_OBJC_LITERAL_CONVERSION = YES;
				CLANG_WARN_OBJC_ROOT_CLASS = YES_ERROR;
				CLANG_WARN_RANGE_LOOP_ANALYSIS = YES;
				CLANG_WARN_STRICT_PROTOTYPES = YES;
				CLANG_WARN_SUSPICIOUS_MOVE = YES;
				CLANG_WARN_UNGUARDED_AVAILABILITY = YES_AGGRESSIVE;
				CLANG_WARN_UNREACHABLE_CODE = YES;
				CLANG_WARN__DUPLICATE_METHOD_MATCH = YES;
				CODE_SIGN_IDENTITY = "iPhone Developer";
				COPY_PHASE_STRIP = NO;
				DEBUG_INFORMATION_FORMAT = "dwarf-with-dsym";
				ENABLE_NS_ASSERTIONS = NO;
				ENABLE_STRICT_OBJC_MSGSEND = YES;
				GCC_C_LANGUAGE_STANDARD = gnu11;
				GCC_NO_COMMON_BLOCKS = YES;
				GCC_WARN_64_TO_32_BIT_CONVERSION = YES;
				GCC_WARN_ABOUT_RETURN_TYPE = YES_ERROR;
				GCC_WARN_UNDECLARED_SELECTOR = YES;
				GCC_WARN_UNINITIALIZED_AUTOS = YES_AGGRESSIVE;
				GCC_WARN_UNUSED_FUNCTION = YES;
				GCC_WARN_UNUSED_VARIABLE = YES;
				IPHONEOS_DEPLOYMENT_TARGET = 12.0;
				MTL_ENABLE_DEBUG_INFO = NO;
				MTL_FAST_MATH = YES;
				SDKROOT = iphoneos;
				SWIFT_COMPILATION_MODE = wholemodule;
				SWIFT_OPTIMIZATION_LEVEL = "-O";
				VALIDATE_PRODUCT = YES;
			};
			name = Release;
		};
		0A2D4DBC2169B638003BC722 /* Debug */ = {
			isa = XCBuildConfiguration;
			buildSettings = {
				ASSETCATALOG_COMPILER_APPICON_NAME = AppIcon;
				CODE_SIGN_STYLE = Automatic;
				DEVELOPMENT_TEAM = QPS5PSHDF6;
				INFOPLIST_FILE = MLAR/Info.plist;
				LD_RUNPATH_SEARCH_PATHS = (
					"$(inherited)",
					"@executable_path/Frameworks",
				);
				PRODUCT_BUNDLE_IDENTIFIER = K.MLAR;
				PRODUCT_NAME = "$(TARGET_NAME)";
				SWIFT_VERSION = 4.2;
				TARGETED_DEVICE_FAMILY = "1,2";
			};
			name = Debug;
		};
		0A2D4DBD2169B638003BC722 /* Release */ = {
			isa = XCBuildConfiguration;
			buildSettings = {
				ASSETCATALOG_COMPILER_APPICON_NAME = AppIcon;
				CODE_SIGN_STYLE = Automatic;
				DEVELOPMENT_TEAM = QPS5PSHDF6;
				INFOPLIST_FILE = MLAR/Info.plist;
				LD_RUNPATH_SEARCH_PATHS = (
					"$(inherited)",
					"@executable_path/Frameworks",
				);
				PRODUCT_BUNDLE_IDENTIFIER = K.MLAR;
				PRODUCT_NAME = "$(TARGET_NAME)";
				SWIFT_VERSION = 4.2;
				TARGETED_DEVICE_FAMILY = "1,2";
			};
			name = Release;
		};
/* End XCBuildConfiguration section */

/* Begin XCConfigurationList section */
		0A2D4DA22169B636003BC722 /* Build configuration list for PBXProject "MLAR" */ = {
			isa = XCConfigurationList;
			buildConfigurations = (
				0A2D4DB92169B638003BC722 /* Debug */,
				0A2D4DBA2169B638003BC722 /* Release */,
			);
			defaultConfigurationIsVisible = 0;
			defaultConfigurationName = Release;
		};
		0A2D4DBB2169B638003BC722 /* Build configuration list for PBXNativeTarget "MLAR" */ = {
			isa = XCConfigurationList;
			buildConfigurations = (
				0A2D4DBC2169B638003BC722 /* Debug */,
				0A2D4DBD2169B638003BC722 /* Release */,
			);
			defaultConfigurationIsVisible = 0;
			defaultConfigurationName = Release;
		};
/* End XCConfigurationList section */
	};
	rootObject = 0A2D4D9F2169B636003BC722 /* Project object */;
}
